// !$*UTF8*$!
{
	archiveVersion = 1;
	classes = {
	};
	objectVersion = 50;
	objects = {

/* Begin PBXBuildFile section */
		478419ED245C88BC0091638F /* AppDelegate.swift in Sources */ = {isa = PBXBuildFile; fileRef = 478419EC245C88BC0091638F /* AppDelegate.swift */; };
		478419EF245C88BC0091638F /* SceneDelegate.swift in Sources */ = {isa = PBXBuildFile; fileRef = 478419EE245C88BC0091638F /* SceneDelegate.swift */; };
		478419F1245C88BC0091638F /* ViewController.swift in Sources */ = {isa = PBXBuildFile; fileRef = 478419F0245C88BC0091638F /* ViewController.swift */; };
		478419F4245C88BC0091638F /* Main.storyboard in Resources */ = {isa = PBXBuildFile; fileRef = 478419F2245C88BC0091638F /* Main.storyboard */; };
		478419F6245C88BE0091638F /* Assets.xcassets in Resources */ = {isa = PBXBuildFile; fileRef = 478419F5245C88BE0091638F /* Assets.xcassets */; };
		478419F9245C88BE0091638F /* LaunchScreen.storyboard in Resources */ = {isa = PBXBuildFile; fileRef = 478419F7245C88BE0091638F /* LaunchScreen.storyboard */; };
		47841A04245C88BE0091638F /* Project4Tests.swift in Sources */ = {isa = PBXBuildFile; fileRef = 47841A03245C88BE0091638F /* Project4Tests.swift */; };
		47841A0F245C88BE0091638F /* Project4UITests.swift in Sources */ = {isa = PBXBuildFile; fileRef = 47841A0E245C88BE0091638F /* Project4UITests.swift */; };
/* End PBXBuildFile section */

/* Begin PBXContainerItemProxy section */
		47841A00245C88BE0091638F /* PBXContainerItemProxy */ = {
			isa = PBXContainerItemProxy;
			containerPortal = 478419E1245C88BC0091638F /* Project object */;
			proxyType = 1;
			remoteGlobalIDString = 478419E8245C88BC0091638F;
			remoteInfo = Project4;
		};
		47841A0B245C88BE0091638F /* PBXContainerItemProxy */ = {
			isa = PBXContainerItemProxy;
			containerPortal = 478419E1245C88BC0091638F /* Project object */;
			proxyType = 1;
			remoteGlobalIDString = 478419E8245C88BC0091638F;
			remoteInfo = Project4;
		};
/* End PBXContainerItemProxy section */

/* Begin PBXFileReference section */
		478419E9245C88BC0091638F /* Project4.app */ = {isa = PBXFileReference; explicitFileType = wrapper.application; includeInIndex = 0; path = Project4.app; sourceTree = BUILT_PRODUCTS_DIR; };
		478419EC245C88BC0091638F /* AppDelegate.swift */ = {isa = PBXFileReference; lastKnownFileType = sourcecode.swift; path = AppDelegate.swift; sourceTree = "<group>"; };
		478419EE245C88BC0091638F /* SceneDelegate.swift */ = {isa = PBXFileReference; lastKnownFileType = sourcecode.swift; path = SceneDelegate.swift; sourceTree = "<group>"; };
		478419F0245C88BC0091638F /* ViewController.swift */ = {isa = PBXFileReference; lastKnownFileType = sourcecode.swift; path = ViewController.swift; sourceTree = "<group>"; };
		478419F3245C88BC0091638F /* Base */ = {isa = PBXFileReference; lastKnownFileType = file.storyboard; name = Base; path = Base.lproj/Main.storyboard; sourceTree = "<group>"; };
		478419F5245C88BE0091638F /* Assets.xcassets */ = {isa = PBXFileReference; lastKnownFileType = folder.assetcatalog; path = Assets.xcassets; sourceTree = "<group>"; };
		478419F8245C88BE0091638F /* Base */ = {isa = PBXFileReference; lastKnownFileType = file.storyboard; name = Base; path = Base.lproj/LaunchScreen.storyboard; sourceTree = "<group>"; };
		478419FA245C88BE0091638F /* Info.plist */ = {isa = PBXFileReference; lastKnownFileType = text.plist.xml; path = Info.plist; sourceTree = "<group>"; };
		478419FF245C88BE0091638F /* Project4Tests.xctest */ = {isa = PBXFileReference; explicitFileType = wrapper.cfbundle; includeInIndex = 0; path = Project4Tests.xctest; sourceTree = BUILT_PRODUCTS_DIR; };
		47841A03245C88BE0091638F /* Project4Tests.swift */ = {isa = PBXFileReference; lastKnownFileType = sourcecode.swift; path = Project4Tests.swift; sourceTree = "<group>"; };
		47841A05245C88BE0091638F /* Info.plist */ = {isa = PBXFileReference; lastKnownFileType = text.plist.xml; path = Info.plist; sourceTree = "<group>"; };
		47841A0A245C88BE0091638F /* Project4UITests.xctest */ = {isa = PBXFileReference; explicitFileType = wrapper.cfbundle; includeInIndex = 0; path = Project4UITests.xctest; sourceTree = BUILT_PRODUCTS_DIR; };
		47841A0E245C88BE0091638F /* Project4UITests.swift */ = {isa = PBXFileReference; lastKnownFileType = sourcecode.swift; path = Project4UITests.swift; sourceTree = "<group>"; };
		47841A10245C88BE0091638F /* Info.plist */ = {isa = PBXFileReference; lastKnownFileType = text.plist.xml; path = Info.plist; sourceTree = "<group>"; };
/* End PBXFileReference section */

/* Begin PBXFrameworksBuildPhase section */
		478419E6245C88BC0091638F /* Frameworks */ = {
			isa = PBXFrameworksBuildPhase;
			buildActionMask = 2147483647;
			files = (
			);
			runOnlyForDeploymentPostprocessing = 0;
		};
		478419FC245C88BE0091638F /* Frameworks */ = {
			isa = PBXFrameworksBuildPhase;
			buildActionMask = 2147483647;
			files = (
			);
			runOnlyForDeploymentPostprocessing = 0;
		};
		47841A07245C88BE0091638F /* Frameworks */ = {
			isa = PBXFrameworksBuildPhase;
			buildActionMask = 2147483647;
			files = (
			);
			runOnlyForDeploymentPostprocessing = 0;
		};
/* End PBXFrameworksBuildPhase section */

/* Begin PBXGroup section */
		478419E0245C88BC0091638F = {
			isa = PBXGroup;
			children = (
				478419EB245C88BC0091638F /* Project4 */,
				47841A02245C88BE0091638F /* Project4Tests */,
				47841A0D245C88BE0091638F /* Project4UITests */,
				478419EA245C88BC0091638F /* Products */,
			);
			sourceTree = "<group>";
		};
		478419EA245C88BC0091638F /* Products */ = {
			isa = PBXGroup;
			children = (
				478419E9245C88BC0091638F /* Project4.app */,
				478419FF245C88BE0091638F /* Project4Tests.xctest */,
				47841A0A245C88BE0091638F /* Project4UITests.xctest */,
			);
			name = Products;
			sourceTree = "<group>";
		};
		478419EB245C88BC0091638F /* Project4 */ = {
			isa = PBXGroup;
			children = (
				478419EC245C88BC0091638F /* AppDelegate.swift */,
				478419EE245C88BC0091638F /* SceneDelegate.swift */,
				478419F0245C88BC0091638F /* ViewController.swift */,
				478419F2245C88BC0091638F /* Main.storyboard */,
				478419F5245C88BE0091638F /* Assets.xcassets */,
				478419F7245C88BE0091638F /* LaunchScreen.storyboard */,
				478419FA245C88BE0091638F /* Info.plist */,
			);
			path = Project4;
			sourceTree = "<group>";
		};
		47841A02245C88BE0091638F /* Project4Tests */ = {
			isa = PBXGroup;
			children = (
				47841A03245C88BE0091638F /* Project4Tests.swift */,
				47841A05245C88BE0091638F /* Info.plist */,
			);
			path = Project4Tests;
			sourceTree = "<group>";
		};
		47841A0D245C88BE0091638F /* Project4UITests */ = {
			isa = PBXGroup;
			children = (
				47841A0E245C88BE0091638F /* Project4UITests.swift */,
				47841A10245C88BE0091638F /* Info.plist */,
			);
			path = Project4UITests;
			sourceTree = "<group>";
		};
/* End PBXGroup section */

/* Begin PBXNativeTarget section */
		478419E8245C88BC0091638F /* Project4 */ = {
			isa = PBXNativeTarget;
			buildConfigurationList = 47841A13245C88BE0091638F /* Build configuration list for PBXNativeTarget "Project4" */;
			buildPhases = (
				478419E5245C88BC0091638F /* Sources */,
				478419E6245C88BC0091638F /* Frameworks */,
				478419E7245C88BC0091638F /* Resources */,
			);
			buildRules = (
			);
			dependencies = (
			);
			name = Project4;
			productName = Project4;
			productReference = 478419E9245C88BC0091638F /* Project4.app */;
			productType = "com.apple.product-type.application";
		};
		478419FE245C88BE0091638F /* Project4Tests */ = {
			isa = PBXNativeTarget;
			buildConfigurationList = 47841A16245C88BE0091638F /* Build configuration list for PBXNativeTarget "Project4Tests" */;
			buildPhases = (
				478419FB245C88BE0091638F /* Sources */,
				478419FC245C88BE0091638F /* Frameworks */,
				478419FD245C88BE0091638F /* Resources */,
			);
			buildRules = (
			);
			dependencies = (
				47841A01245C88BE0091638F /* PBXTargetDependency */,
			);
			name = Project4Tests;
			productName = Project4Tests;
			productReference = 478419FF245C88BE0091638F /* Project4Tests.xctest */;
			productType = "com.apple.product-type.bundle.unit-test";
		};
		47841A09245C88BE0091638F /* Project4UITests */ = {
			isa = PBXNativeTarget;
			buildConfigurationList = 47841A19245C88BE0091638F /* Build configuration list for PBXNativeTarget "Project4UITests" */;
			buildPhases = (
				47841A06245C88BE0091638F /* Sources */,
				47841A07245C88BE0091638F /* Frameworks */,
				47841A08245C88BE0091638F /* Resources */,
			);
			buildRules = (
			);
			dependencies = (
				47841A0C245C88BE0091638F /* PBXTargetDependency */,
			);
			name = Project4UITests;
			productName = Project4UITests;
			productReference = 47841A0A245C88BE0091638F /* Project4UITests.xctest */;
			productType = "com.apple.product-type.bundle.ui-testing";
		};
/* End PBXNativeTarget section */

/* Begin PBXProject section */
		478419E1245C88BC0091638F /* Project object */ = {
			isa = PBXProject;
			attributes = {
				LastSwiftUpdateCheck = 1140;
				LastUpgradeCheck = 1140;
				ORGANIZATIONNAME = "John Atkinson";
				TargetAttributes = {
					478419E8245C88BC0091638F = {
						CreatedOnToolsVersion = 11.4.1;
					};
					478419FE245C88BE0091638F = {
						CreatedOnToolsVersion = 11.4.1;
						TestTargetID = 478419E8245C88BC0091638F;
					};
					47841A09245C88BE0091638F = {
						CreatedOnToolsVersion = 11.4.1;
						TestTargetID = 478419E8245C88BC0091638F;
					};
				};
			};
			buildConfigurationList = 478419E4245C88BC0091638F /* Build configuration list for PBXProject "Project4" */;
			compatibilityVersion = "Xcode 9.3";
			developmentRegion = en;
			hasScannedForEncodings = 0;
			knownRegions = (
				en,
				Base,
			);
			mainGroup = 478419E0245C88BC0091638F;
			productRefGroup = 478419EA245C88BC0091638F /* Products */;
			projectDirPath = "";
			projectRoot = "";
			targets = (
				478419E8245C88BC0091638F /* Project4 */,
				478419FE245C88BE0091638F /* Project4Tests */,
				47841A09245C88BE0091638F /* Project4UITests */,
			);
		};
/* End PBXProject section */

/* Begin PBXResourcesBuildPhase section */
		478419E7245C88BC0091638F /* Resources */ = {
			isa = PBXResourcesBuildPhase;
			buildActionMask = 2147483647;
			files = (
				478419F9245C88BE0091638F /* LaunchScreen.storyboard in Resources */,
				478419F6245C88BE0091638F /* Assets.xcassets in Resources */,
				478419F4245C88BC0091638F /* Main.storyboard in Resources */,
			);
			runOnlyForDeploymentPostprocessing = 0;
		};
		478419FD245C88BE0091638F /* Resources */ = {
			isa = PBXResourcesBuildPhase;
			buildActionMask = 2147483647;
			files = (
			);
			runOnlyForDeploymentPostprocessing = 0;
		};
		47841A08245C88BE0091638F /* Resources */ = {
			isa = PBXResourcesBuildPhase;
			buildActionMask = 2147483647;
			files = (
			);
			runOnlyForDeploymentPostprocessing = 0;
		};
/* End PBXResourcesBuildPhase section */

/* Begin PBXSourcesBuildPhase section */
		478419E5245C88BC0091638F /* Sources */ = {
			isa = PBXSourcesBuildPhase;
			buildActionMask = 2147483647;
			files = (
				478419F1245C88BC0091638F /* ViewController.swift in Sources */,
				478419ED245C88BC0091638F /* AppDelegate.swift in Sources */,
				478419EF245C88BC0091638F /* SceneDelegate.swift in Sources */,
			);
			runOnlyForDeploymentPostprocessing = 0;
		};
		478419FB245C88BE0091638F /* Sources */ = {
			isa = PBXSourcesBuildPhase;
			buildActionMask = 2147483647;
			files = (
				47841A04245C88BE0091638F /* Project4Tests.swift in Sources */,
			);
			runOnlyForDeploymentPostprocessing = 0;
		};
		47841A06245C88BE0091638F /* Sources */ = {
			isa = PBXSourcesBuildPhase;
			buildActionMask = 2147483647;
			files = (
				47841A0F245C88BE0091638F /* Project4UITests.swift in Sources */,
			);
			runOnlyForDeploymentPostprocessing = 0;
		};
/* End PBXSourcesBuildPhase section */

/* Begin PBXTargetDependency section */
		47841A01245C88BE0091638F /* PBXTargetDependency */ = {
			isa = PBXTargetDependency;
			target = 478419E8245C88BC0091638F /* Project4 */;
			targetProxy = 47841A00245C88BE0091638F /* PBXContainerItemProxy */;
		};
		47841A0C245C88BE0091638F /* PBXTargetDependency */ = {
			isa = PBXTargetDependency;
			target = 478419E8245C88BC0091638F /* Project4 */;
			targetProxy = 47841A0B245C88BE0091638F /* PBXContainerItemProxy */;
		};
/* End PBXTargetDependency section */

/* Begin PBXVariantGroup section */
		478419F2245C88BC0091638F /* Main.storyboard */ = {
			isa = PBXVariantGroup;
			children = (
				478419F3245C88BC0091638F /* Base */,
			);
			name = Main.storyboard;
			sourceTree = "<group>";
		};
		478419F7245C88BE0091638F /* LaunchScreen.storyboard */ = {
			isa = PBXVariantGroup;
			children = (
				478419F8245C88BE0091638F /* Base */,
			);
			name = LaunchScreen.storyboard;
			sourceTree = "<group>";
		};
/* End PBXVariantGroup section */

/* Begin XCBuildConfiguration section */
		47841A11245C88BE0091638F /* Debug */ = {
			isa = XCBuildConfiguration;
			buildSettings = {
				ALWAYS_SEARCH_USER_PATHS = NO;
				CLANG_ANALYZER_NONNULL = YES;
				CLANG_ANALYZER_NUMBER_OBJECT_CONVERSION = YES_AGGRESSIVE;
				CLANG_CXX_LANGUAGE_STANDARD = "gnu++14";
				CLANG_CXX_LIBRARY = "libc++";
				CLANG_ENABLE_MODULES = YES;
				CLANG_ENABLE_OBJC_ARC = YES;
				CLANG_ENABLE_OBJC_WEAK = YES;
				CLANG_WARN_BLOCK_CAPTURE_AUTORELEASING = YES;
				CLANG_WARN_BOOL_CONVERSION = YES;
				CLANG_WARN_COMMA = YES;
				CLANG_WARN_CONSTANT_CONVERSION = YES;
				CLANG_WARN_DEPRECATED_OBJC_IMPLEMENTATIONS = YES;
				CLANG_WARN_DIRECT_OBJC_ISA_USAGE = YES_ERROR;
				CLANG_WARN_DOCUMENTATION_COMMENTS = YES;
				CLANG_WARN_EMPTY_BODY = YES;
				CLANG_WARN_ENUM_CONVERSION = YES;
				CLANG_WARN_INFINITE_RECURSION = YES;
				CLANG_WARN_INT_CONVERSION = YES;
				CLANG_WARN_NON_LITERAL_NULL_CONVERSION = YES;
				CLANG_WARN_OBJC_IMPLICIT_RETAIN_SELF = YES;
				CLANG_WARN_OBJC_LITERAL_CONVERSION = YES;
				CLANG_WARN_OBJC_ROOT_CLASS = YES_ERROR;
				CLANG_WARN_RANGE_LOOP_ANALYSIS = YES;
				CLANG_WARN_STRICT_PROTOTYPES = YES;
				CLANG_WARN_SUSPICIOUS_MOVE = YES;
				CLANG_WARN_UNGUARDED_AVAILABILITY = YES_AGGRESSIVE;
				CLANG_WARN_UNREACHABLE_CODE = YES;
				CLANG_WARN__DUPLICATE_METHOD_MATCH = YES;
				COPY_PHASE_STRIP = NO;
				DEBUG_INFORMATION_FORMAT = dwarf;
				ENABLE_STRICT_OBJC_MSGSEND = YES;
				ENABLE_TESTABILITY = YES;
				GCC_C_LANGUAGE_STANDARD = gnu11;
				GCC_DYNAMIC_NO_PIC = NO;
				GCC_NO_COMMON_BLOCKS = YES;
				GCC_OPTIMIZATION_LEVEL = 0;
				GCC_PREPROCESSOR_DEFINITIONS = (
					"DEBUG=1",
					"$(inherited)",
				);
				GCC_WARN_64_TO_32_BIT_CONVERSION = YES;
				GCC_WARN_ABOUT_RETURN_TYPE = YES_ERROR;
				GCC_WARN_UNDECLARED_SELECTOR = YES;
				GCC_WARN_UNINITIALIZED_AUTOS = YES_AGGRESSIVE;
				GCC_WARN_UNUSED_FUNCTION = YES;
				GCC_WARN_UNUSED_VARIABLE = YES;
				IPHONEOS_DEPLOYMENT_TARGET = 13.4;
				MTL_ENABLE_DEBUG_INFO = INCLUDE_SOURCE;
				MTL_FAST_MATH = YES;
				ONLY_ACTIVE_ARCH = YES;
				SDKROOT = iphoneos;
				SWIFT_ACTIVE_COMPILATION_CONDITIONS = DEBUG;
				SWIFT_OPTIMIZATION_LEVEL = "-Onone";
			};
			name = Debug;
		};
		47841A12245C88BE0091638F /* Release */ = {
			isa = XCBuildConfiguration;
			buildSettings = {
				ALWAYS_SEARCH_USER_PATHS = NO;
				CLANG_ANALYZER_NONNULL = YES;
				CLANG_ANALYZER_NUMBER_OBJECT_CONVERSION = YES_AGGRESSIVE;
				CLANG_CXX_LANGUAGE_STANDARD = "gnu++14";
				CLANG_CXX_LIBRARY = "libc++";
				CLANG_ENABLE_MODULES = YES;
				CLANG_ENABLE_OBJC_ARC = YES;
				CLANG_ENABLE_OBJC_WEAK = YES;
				CLANG_WARN_BLOCK_CAPTURE_AUTORELEASING = YES;
				CLANG_WARN_BOOL_CONVERSION = YES;
				CLANG_WARN_COMMA = YES;
				CLANG_WARN_CONSTANT_CONVERSION = YES;
				CLANG_WARN_DEPRECATED_OBJC_IMPLEMENTATIONS = YES;
				CLANG_WARN_DIRECT_OBJC_ISA_USAGE = YES_ERROR;
				CLANG_WARN_DOCUMENTATION_COMMENTS = YES;
				CLANG_WARN_EMPTY_BODY = YES;
				CLANG_WARN_ENUM_CONVERSION = YES;
				CLANG_WARN_INFINITE_RECURSION = YES;
				CLANG_WARN_INT_CONVERSION = YES;
				CLANG_WARN_NON_LITERAL_NULL_CONVERSION = YES;
				CLANG_WARN_OBJC_IMPLICIT_RETAIN_SELF = YES;
				CLANG_WARN_OBJC_LITERAL_CONVERSION = YES;
				CLANG_WARN_OBJC_ROOT_CLASS = YES_ERROR;
				CLANG_WARN_RANGE_LOOP_ANALYSIS = YES;
				CLANG_WARN_STRICT_PROTOTYPES = YES;
				CLANG_WARN_SUSPICIOUS_MOVE = YES;
				CLANG_WARN_UNGUARDED_AVAILABILITY = YES_AGGRESSIVE;
				CLANG_WARN_UNREACHABLE_CODE = YES;
				CLANG_WARN__DUPLICATE_METHOD_MATCH = YES;
				COPY_PHASE_STRIP = NO;
				DEBUG_INFORMATION_FORMAT = "dwarf-with-dsym";
				ENABLE_NS_ASSERTIONS = NO;
				ENABLE_STRICT_OBJC_MSGSEND = YES;
				GCC_C_LANGUAGE_STANDARD = gnu11;
				GCC_NO_COMMON_BLOCKS = YES;
				GCC_WARN_64_TO_32_BIT_CONVERSION = YES;
				GCC_WARN_ABOUT_RETURN_TYPE = YES_ERROR;
				GCC_WARN_UNDECLARED_SELECTOR = YES;
				GCC_WARN_UNINITIALIZED_AUTOS = YES_AGGRESSIVE;
				GCC_WARN_UNUSED_FUNCTION = YES;
				GCC_WARN_UNUSED_VARIABLE = YES;
				IPHONEOS_DEPLOYMENT_TARGET = 13.4;
				MTL_ENABLE_DEBUG_INFO = NO;
				MTL_FAST_MATH = YES;
				SDKROOT = iphoneos;
				SWIFT_COMPILATION_MODE = wholemodule;
				SWIFT_OPTIMIZATION_LEVEL = "-O";
				VALIDATE_PRODUCT = YES;
			};
			name = Release;
		};
		47841A14245C88BE0091638F /* Debug */ = {
			isa = XCBuildConfiguration;
			buildSettings = {
				ASSETCATALOG_COMPILER_APPICON_NAME = AppIcon;
				CODE_SIGN_STYLE = Automatic;
				INFOPLIST_FILE = Project4/Info.plist;
				LD_RUNPATH_SEARCH_PATHS = (
					"$(inherited)",
					"@executable_path/Frameworks",
				);
				PRODUCT_BUNDLE_IDENTIFIER = com.primeworks.Project4;
				PRODUCT_NAME = "$(TARGET_NAME)";
				SWIFT_VERSION = 5.0;
				TARGETED_DEVICE_FAMILY = "1,2";
			};
			name = Debug;
		};
		47841A15245C88BE0091638F /* Release */ = {
			isa = XCBuildConfiguration;
			buildSettings = {
				ASSETCATALOG_COMPILER_APPICON_NAME = AppIcon;
				CODE_SIGN_STYLE = Automatic;
				INFOPLIST_FILE = Project4/Info.plist;
				LD_RUNPATH_SEARCH_PATHS = (
					"$(inherited)",
					"@executable_path/Frameworks",
				);
				PRODUCT_BUNDLE_IDENTIFIER = com.primeworks.Project4;
				PRODUCT_NAME = "$(TARGET_NAME)";
				SWIFT_VERSION = 5.0;
				TARGETED_DEVICE_FAMILY = "1,2";
			};
			name = Release;
		};
		47841A17245C88BE0091638F /* Debug */ = {
			isa = XCBuildConfiguration;
			buildSettings = {
				ALWAYS_EMBED_SWIFT_STANDARD_LIBRARIES = YES;
				BUNDLE_LOADER = "$(TEST_HOST)";
				CODE_SIGN_STYLE = Automatic;
				INFOPLIST_FILE = Project4Tests/Info.plist;
				IPHONEOS_DEPLOYMENT_TARGET = 13.4;
				LD_RUNPATH_SEARCH_PATHS = (
					"$(inherited)",
					"@executable_path/Frameworks",
					"@loader_path/Frameworks",
				);
				PRODUCT_BUNDLE_IDENTIFIER = com.primeworks.Project4Tests;
				PRODUCT_NAME = "$(TARGET_NAME)";
				SWIFT_VERSION = 5.0;
				TARGETED_DEVICE_FAMILY = "1,2";
				TEST_HOST = "$(BUILT_PRODUCTS_DIR)/Project4.app/Project4";
			};
			name = Debug;
		};
		47841A18245C88BE0091638F /* Release */ = {
			isa = XCBuildConfiguration;
			buildSettings = {
				ALWAYS_EMBED_SWIFT_STANDARD_LIBRARIES = YES;
				BUNDLE_LOADER = "$(TEST_HOST)";
				CODE_SIGN_STYLE = Automatic;
				INFOPLIST_FILE = Project4Tests/Info.plist;
				IPHONEOS_DEPLOYMENT_TARGET = 13.4;
				LD_RUNPATH_SEARCH_PATHS = (
					"$(inherited)",
					"@executable_path/Frameworks",
					"@loader_path/Frameworks",
				);
				PRODUCT_BUNDLE_IDENTIFIER = com.primeworks.Project4Tests;
				PRODUCT_NAME = "$(TARGET_NAME)";
				SWIFT_VERSION = 5.0;
				TARGETED_DEVICE_FAMILY = "1,2";
				TEST_HOST = "$(BUILT_PRODUCTS_DIR)/Project4.app/Project4";
			};
			name = Release;
		};
		47841A1A245C88BE0091638F /* Debug */ = {
			isa = XCBuildConfiguration;
			buildSettings = {
				ALWAYS_EMBED_SWIFT_STANDARD_LIBRARIES = YES;
				CODE_SIGN_STYLE = Automatic;
				INFOPLIST_FILE = Project4UITests/Info.plist;
				LD_RUNPATH_SEARCH_PATHS = (
					"$(inherited)",
					"@executable_path/Frameworks",
					"@loader_path/Frameworks",
				);
				PRODUCT_BUNDLE_IDENTIFIER = com.primeworks.Project4UITests;
				PRODUCT_NAME = "$(TARGET_NAME)";
				SWIFT_VERSION = 5.0;
				TARGETED_DEVICE_FAMILY = "1,2";
				TEST_TARGET_NAME = Project4;
			};
			name = Debug;
		};
		47841A1B245C88BE0091638F /* Release */ = {
			isa = XCBuildConfiguration;
			buildSettings = {
				ALWAYS_EMBED_SWIFT_STANDARD_LIBRARIES = YES;
				CODE_SIGN_STYLE = Automatic;
				INFOPLIST_FILE = Project4UITests/Info.plist;
				LD_RUNPATH_SEARCH_PATHS = (
					"$(inherited)",
					"@executable_path/Frameworks",
					"@loader_path/Frameworks",
				);
				PRODUCT_BUNDLE_IDENTIFIER = com.primeworks.Project4UITests;
				PRODUCT_NAME = "$(TARGET_NAME)";
				SWIFT_VERSION = 5.0;
				TARGETED_DEVICE_FAMILY = "1,2";
				TEST_TARGET_NAME = Project4;
			};
			name = Release;
		};
/* End XCBuildConfiguration section */

/* Begin XCConfigurationList section */
		478419E4245C88BC0091638F /* Build configuration list for PBXProject "Project4" */ = {
			isa = XCConfigurationList;
			buildConfigurations = (
				47841A11245C88BE0091638F /* Debug */,
				47841A12245C88BE0091638F /* Release */,
			);
			defaultConfigurationIsVisible = 0;
			defaultConfigurationName = Release;
		};
		47841A13245C88BE0091638F /* Build configuration list for PBXNativeTarget "Project4" */ = {
			isa = XCConfigurationList;
			buildConfigurations = (
				47841A14245C88BE0091638F /* Debug */,
				47841A15245C88BE0091638F /* Release */,
			);
			defaultConfigurationIsVisible = 0;
			defaultConfigurationName = Release;
		};
		47841A16245C88BE0091638F /* Build configuration list for PBXNativeTarget "Project4Tests" */ = {
			isa = XCConfigurationList;
			buildConfigurations = (
				47841A17245C88BE0091638F /* Debug */,
				47841A18245C88BE0091638F /* Release */,
			);
			defaultConfigurationIsVisible = 0;
			defaultConfigurationName = Release;
		};
		47841A19245C88BE0091638F /* Build configuration list for PBXNativeTarget "Project4UITests" */ = {
			isa = XCConfigurationList;
			buildConfigurations = (
				47841A1A245C88BE0091638F /* Debug */,
				47841A1B245C88BE0091638F /* Release */,
			);
			defaultConfigurationIsVisible = 0;
			defaultConfigurationName = Release;
		};
/* End XCConfigurationList section */
	};
	rootObject = 478419E1245C88BC0091638F /* Project object */;
}
